
Microsoft Visual Studio Solution File, Format Version 12.00
# Visual Studio Version 16
VisualStudioVersion = 16.0.31702.278
MinimumVisualStudioVersion = 10.0.40219.1
Project("{FAE04EC0-301F-11D3-BF4B-00C04F79EFBC}") = "CSharpNation", "CSharpNation\CSharpNation.csproj", "{D8FDF371-7380-47A2-AE29-16D70DEA8D1B}"
EndProject
Global
	GlobalSection(SolutionConfigurationPlatforms) = preSolution
		Debug|Any CPU = Debug|Any CPU
		Release|Any CPU = Release|Any CPU
	EndGlobalSection
	GlobalSection(ProjectConfigurationPlatforms) = postSolution
		{D8FDF371-7380-47A2-AE29-16D70DEA8D1B}.Debug|Any CPU.ActiveCfg = Debug|Any CPU
		{D8FDF371-7380-47A2-AE29-16D70DEA8D1B}.Debug|Any CPU.Build.0 = Debug|Any CPU
		{D8FDF371-7380-47A2-AE29-16D70DEA8D1B}.Release|Any CPU.ActiveCfg = Release|Any CPU
		{D8FDF371-7380-47A2-AE29-16D70DEA8D1B}.Release|Any CPU.Build.0 = Release|Any CPU
	EndGlobalSection
	GlobalSection(SolutionProperties) = preSolution
		HideSolutionNode = FALSE
	EndGlobalSection
	GlobalSection(ExtensibilityGlobals) = postSolution
		SolutionGuid = {E97B60C9-C7C0-439C-B0EE-EFF092A20E3F}
	EndGlobalSection
EndGlobal
